# This file is generated by running "yarn install" inside your project.
# Manual changes might be lost - proceed with caution!

__metadata:
  version: 6
  cacheKey: 8

"@zerodensity/realityhub-api@workspace:.":
  version: 0.0.0-use.local
  resolution: "@zerodensity/realityhub-api@workspace:."
  dependencies:
    uuid: ^10.0.0
    ws: ^8.18.0
  languageName: unknown
  linkType: soft

"uuid@npm:^10.0.0":
  version: 10.0.0
  resolution: "uuid@npm:10.0.0"
  bin:
    uuid: dist/bin/uuid
  checksum: 4b81611ade2885d2313ddd8dc865d93d8dccc13ddf901745edca8f86d99bc46d7a330d678e7532e7ebf93ce616679fb19b2e3568873ac0c14c999032acb25869
  languageName: node
  linkType: hard

"ws@npm:^8.18.0":
  version: 8.18.0
  resolution: "ws@npm:8.18.0"
  peerDependencies:
    bufferutil: ^4.0.1
    utf-8-validate: ">=5.0.2"
  peerDependenciesMeta:
    bufferutil:
      optional: true
    utf-8-validate:
      optional: true
  checksum: 91d4d35bc99ff6df483bdf029b9ea4bfd7af1f16fc91231a96777a63d263e1eabf486e13a2353970efc534f9faa43bdbf9ee76525af22f4752cbc5ebda333975
  languageName: node
  linkType: hard
